
Microsoft Visual Studio Solution File, Format Version 12.00
# Visual Studio Version 16
VisualStudioVersion = 16.0.30621.155
MinimumVisualStudioVersion = 10.0.40219.1
Project("{FAE04EC0-301F-11D3-BF4B-00C04F79EFBC}") = "WebApiGitHubProgram", "WebApiGitHubProgram\WebApiGitHubProgram.csproj", "{13552015-9C2A-4248-B08B-81791ED304D8}"
EndProject
Global
	GlobalSection(SolutionConfigurationPlatforms) = preSolution
		Debug|Any CPU = Debug|Any CPU
		Release|Any CPU = Release|Any CPU
	EndGlobalSection
	GlobalSection(ProjectConfigurationPlatforms) = postSolution
		{13552015-9C2A-4248-B08B-81791ED304D8}.Debug|Any CPU.ActiveCfg = Debug|Any CPU
		{13552015-9C2A-4248-B08B-81791ED304D8}.Debug|Any CPU.Build.0 = Debug|Any CPU
		{13552015-9C2A-4248-B08B-81791ED304D8}.Release|Any CPU.ActiveCfg = Release|Any CPU
		{13552015-9C2A-4248-B08B-81791ED304D8}.Release|Any CPU.Build.0 = Release|Any CPU
	EndGlobalSection
	GlobalSection(SolutionProperties) = preSolution
		HideSolutionNode = FALSE
	EndGlobalSection
	GlobalSection(ExtensibilityGlobals) = postSolution
		SolutionGuid = {0A7149E9-C1AE-4FB7-A3B8-1B2A1A416412}
	EndGlobalSection
EndGlobal
